
Microsoft Visual Studio Solution File, Format Version 11.00
# Visual Studio 2010
Project("{FAE04EC0-301F-11D3-BF4B-00C04F79EFBC}") = "MyWebsite", "MyWebsite\MyWebsite.csproj", "{CFCECE7E-32E8-45E6-8749-D355AD652DDD}"
EndProject
Global
	GlobalSection(SolutionConfigurationPlatforms) = preSolution
		Debug|Any CPU = Debug|Any CPU
		Release|Any CPU = Release|Any CPU
	EndGlobalSection
	GlobalSection(ProjectConfigurationPlatforms) = postSolution
		{CFCECE7E-32E8-45E6-8749-D355AD652DDD}.Debug|Any CPU.ActiveCfg = Debug|Any CPU
		{CFCECE7E-32E8-45E6-8749-D355AD652DDD}.Debug|Any CPU.Build.0 = Debug|Any CPU
		{CFCECE7E-32E8-45E6-8749-D355AD652DDD}.Release|Any CPU.ActiveCfg = Release|Any CPU
		{CFCECE7E-32E8-45E6-8749-D355AD652DDD}.Release|Any CPU.Build.0 = Release|Any CPU
	EndGlobalSection
	GlobalSection(SolutionProperties) = preSolution
		HideSolutionNode = FALSE
	EndGlobalSection
EndGlobal
